
Microsoft Visual Studio Solution File, Format Version 11.00
# Visual Studio 2010
Project("{FAE04EC0-301F-11D3-BF4B-00C04F79EFBC}") = "Assembly-CSharp", "Assembly-CSharp.csproj", "{65B31EC8-9475-A186-665E-9E0642723411}"
EndProject
Global
	GlobalSection(SolutionConfigurationPlatforms) = preSolution
		Debug|Any CPU = Debug|Any CPU
		Release|Any CPU = Release|Any CPU
	EndGlobalSection
	GlobalSection(ProjectConfigurationPlatforms) = postSolution
		{65B31EC8-9475-A186-665E-9E0642723411}.Debug|Any CPU.ActiveCfg = Debug|Any CPU
		{65B31EC8-9475-A186-665E-9E0642723411}.Debug|Any CPU.Build.0 = Debug|Any CPU
		{65B31EC8-9475-A186-665E-9E0642723411}.Release|Any CPU.ActiveCfg = Release|Any CPU
		{65B31EC8-9475-A186-665E-9E0642723411}.Release|Any CPU.Build.0 = Release|Any CPU
	EndGlobalSection
	GlobalSection(SolutionProperties) = preSolution
		HideSolutionNode = FALSE
	EndGlobalSection
	GlobalSection(MonoDevelopProperties) = preSolution
		StartupItem = Assembly-CSharp.csproj
	EndGlobalSection
EndGlobal
